// !$*UTF8*$!
{
	archiveVersion = 1;
	classes = {
	};
	objectVersion = 46;
	objects = {

/* Begin PBXBuildFile section */
		30BEC84D197B1E600069093E /* Foundation.framework in Frameworks */ = {isa = PBXBuildFile; fileRef = 30BEC84C197B1E600069093E /* Foundation.framework */; };
		30BEC84F197B1E600069093E /* CoreGraphics.framework in Frameworks */ = {isa = PBXBuildFile; fileRef = 30BEC84E197B1E600069093E /* CoreGraphics.framework */; };
		30BEC851197B1E600069093E /* UIKit.framework in Frameworks */ = {isa = PBXBuildFile; fileRef = 30BEC850197B1E600069093E /* UIKit.framework */; };
		30BEC853197B1E600069093E /* SpriteKit.framework in Frameworks */ = {isa = PBXBuildFile; fileRef = 30BEC852197B1E600069093E /* SpriteKit.framework */; };
		30BEC859197B1E600069093E /* InfoPlist.strings in Resources */ = {isa = PBXBuildFile; fileRef = 30BEC857197B1E600069093E /* InfoPlist.strings */; };
		30BEC85B197B1E600069093E /* main.m in Sources */ = {isa = PBXBuildFile; fileRef = 30BEC85A197B1E600069093E /* main.m */; };
		30BEC85F197B1E600069093E /* MFAppDelegate.m in Sources */ = {isa = PBXBuildFile; fileRef = 30BEC85E197B1E600069093E /* MFAppDelegate.m */; };
		30BEC862197B1E600069093E /* Main_iPhone.storyboard in Resources */ = {isa = PBXBuildFile; fileRef = 30BEC860197B1E600069093E /* Main_iPhone.storyboard */; };
		30BEC865197B1E600069093E /* Main_iPad.storyboard in Resources */ = {isa = PBXBuildFile; fileRef = 30BEC863197B1E600069093E /* Main_iPad.storyboard */; };
		30BEC868197B1E600069093E /* MFViewController.m in Sources */ = {isa = PBXBuildFile; fileRef = 30BEC867197B1E600069093E /* MFViewController.m */; };
		30BEC86B197B1E600069093E /* MFMyScene.m in Sources */ = {isa = PBXBuildFile; fileRef = 30BEC86A197B1E600069093E /* MFMyScene.m */; };
		30BEC86D197B1E600069093E /* Spaceship.png in Resources */ = {isa = PBXBuildFile; fileRef = 30BEC86C197B1E600069093E /* Spaceship.png */; };
		30BEC86F197B1E600069093E /* Images.xcassets in Resources */ = {isa = PBXBuildFile; fileRef = 30BEC86E197B1E600069093E /* Images.xcassets */; };
		30BEC876197B1E600069093E /* XCTest.framework in Frameworks */ = {isa = PBXBuildFile; fileRef = 30BEC875197B1E600069093E /* XCTest.framework */; };
		30BEC877197B1E600069093E /* Foundation.framework in Frameworks */ = {isa = PBXBuildFile; fileRef = 30BEC84C197B1E600069093E /* Foundation.framework */; };
		30BEC878197B1E600069093E /* UIKit.framework in Frameworks */ = {isa = PBXBuildFile; fileRef = 30BEC850197B1E600069093E /* UIKit.framework */; };
		30BEC880197B1E600069093E /* InfoPlist.strings in Resources */ = {isa = PBXBuildFile; fileRef = 30BEC87E197B1E600069093E /* InfoPlist.strings */; };
		30BEC882197B1E600069093E /* Mystie_the_FoxTests.m in Sources */ = {isa = PBXBuildFile; fileRef = 30BEC881197B1E600069093E /* Mystie_the_FoxTests.m */; };
/* End PBXBuildFile section */

/* Begin PBXContainerItemProxy section */
		30BEC879197B1E600069093E /* PBXContainerItemProxy */ = {
			isa = PBXContainerItemProxy;
			containerPortal = 30BEC841197B1E5F0069093E /* Project object */;
			proxyType = 1;
			remoteGlobalIDString = 30BEC848197B1E5F0069093E;
			remoteInfo = "Mystie the Fox";
		};
/* End PBXContainerItemProxy section */

/* Begin PBXFileReference section */
		30BEC849197B1E5F0069093E /* Mystie the Fox.app */ = {isa = PBXFileReference; explicitFileType = wrapper.application; includeInIndex = 0; path = "Mystie the Fox.app"; sourceTree = BUILT_PRODUCTS_DIR; };
		30BEC84C197B1E600069093E /* Foundation.framework */ = {isa = PBXFileReference; lastKnownFileType = wrapper.framework; name = Foundation.framework; path = System/Library/Frameworks/Foundation.framework; sourceTree = SDKROOT; };
		30BEC84E197B1E600069093E /* CoreGraphics.framework */ = {isa = PBXFileReference; lastKnownFileType = wrapper.framework; name = CoreGraphics.framework; path = System/Library/Frameworks/CoreGraphics.framework; sourceTree = SDKROOT; };
		30BEC850197B1E600069093E /* UIKit.framework */ = {isa = PBXFileReference; lastKnownFileType = wrapper.framework; name = UIKit.framework; path = System/Library/Frameworks/UIKit.framework; sourceTree = SDKROOT; };
		30BEC852197B1E600069093E /* SpriteKit.framework */ = {isa = PBXFileReference; lastKnownFileType = wrapper.framework; name = SpriteKit.framework; path = System/Library/Frameworks/SpriteKit.framework; sourceTree = SDKROOT; };
		30BEC856197B1E600069093E /* Mystie the Fox-Info.plist */ = {isa = PBXFileReference; lastKnownFileType = text.plist.xml; path = "Mystie the Fox-Info.plist"; sourceTree = "<group>"; };
		30BEC858197B1E600069093E /* en */ = {isa = PBXFileReference; lastKnownFileType = text.plist.strings; name = en; path = en.lproj/InfoPlist.strings; sourceTree = "<group>"; };
		30BEC85A197B1E600069093E /* main.m */ = {isa = PBXFileReference; lastKnownFileType = sourcecode.c.objc; path = main.m; sourceTree = "<group>"; };
		30BEC85C197B1E600069093E /* Mystie the Fox-Prefix.pch */ = {isa = PBXFileReference; lastKnownFileType = sourcecode.c.h; path = "Mystie the Fox-Prefix.pch"; sourceTree = "<group>"; };
		30BEC85D197B1E600069093E /* MFAppDelegate.h */ = {isa = PBXFileReference; lastKnownFileType = sourcecode.c.h; path = MFAppDelegate.h; sourceTree = "<group>"; };
		30BEC85E197B1E600069093E /* MFAppDelegate.m */ = {isa = PBXFileReference; lastKnownFileType = sourcecode.c.objc; path = MFAppDelegate.m; sourceTree = "<group>"; };
		30BEC861197B1E600069093E /* Base */ = {isa = PBXFileReference; lastKnownFileType = file.storyboard; name = Base; path = Base.lproj/Main_iPhone.storyboard; sourceTree = "<group>"; };
		30BEC864197B1E600069093E /* Base */ = {isa = PBXFileReference; lastKnownFileType = file.storyboard; name = Base; path = Base.lproj/Main_iPad.storyboard; sourceTree = "<group>"; };
		30BEC866197B1E600069093E /* MFViewController.h */ = {isa = PBXFileReference; lastKnownFileType = sourcecode.c.h; path = MFViewController.h; sourceTree = "<group>"; };
		30BEC867197B1E600069093E /* MFViewController.m */ = {isa = PBXFileReference; lastKnownFileType = sourcecode.c.objc; path = MFViewController.m; sourceTree = "<group>"; };
		30BEC869197B1E600069093E /* MFMyScene.h */ = {isa = PBXFileReference; lastKnownFileType = sourcecode.c.h; path = MFMyScene.h; sourceTree = "<group>"; };
		30BEC86A197B1E600069093E /* MFMyScene.m */ = {isa = PBXFileReference; lastKnownFileType = sourcecode.c.objc; path = MFMyScene.m; sourceTree = "<group>"; };
		30BEC86C197B1E600069093E /* Spaceship.png */ = {isa = PBXFileReference; lastKnownFileType = image.png; path = Spaceship.png; sourceTree = "<group>"; };
		30BEC86E197B1E600069093E /* Images.xcassets */ = {isa = PBXFileReference; lastKnownFileType = folder.assetcatalog; path = Images.xcassets; sourceTree = "<group>"; };
		30BEC874197B1E600069093E /* Mystie the FoxTests.xctest */ = {isa = PBXFileReference; explicitFileType = wrapper.cfbundle; includeInIndex = 0; path = "Mystie the FoxTests.xctest"; sourceTree = BUILT_PRODUCTS_DIR; };
		30BEC875197B1E600069093E /* XCTest.framework */ = {isa = PBXFileReference; lastKnownFileType = wrapper.framework; name = XCTest.framework; path = Library/Frameworks/XCTest.framework; sourceTree = DEVELOPER_DIR; };
		30BEC87D197B1E600069093E /* Mystie the FoxTests-Info.plist */ = {isa = PBXFileReference; lastKnownFileType = text.plist.xml; path = "Mystie the FoxTests-Info.plist"; sourceTree = "<group>"; };
		30BEC87F197B1E600069093E /* en */ = {isa = PBXFileReference; lastKnownFileType = text.plist.strings; name = en; path = en.lproj/InfoPlist.strings; sourceTree = "<group>"; };
		30BEC881197B1E600069093E /* Mystie_the_FoxTests.m */ = {isa = PBXFileReference; lastKnownFileType = sourcecode.c.objc; path = Mystie_the_FoxTests.m; sourceTree = "<group>"; };
/* End PBXFileReference section */

/* Begin PBXFrameworksBuildPhase section */
		30BEC846197B1E5F0069093E /* Frameworks */ = {
			isa = PBXFrameworksBuildPhase;
			buildActionMask = 2147483647;
			files = (
				30BEC84F197B1E600069093E /* CoreGraphics.framework in Frameworks */,
				30BEC851197B1E600069093E /* UIKit.framework in Frameworks */,
				30BEC853197B1E600069093E /* SpriteKit.framework in Frameworks */,
				30BEC84D197B1E600069093E /* Foundation.framework in Frameworks */,
			);
			runOnlyForDeploymentPostprocessing = 0;
		};
		30BEC871197B1E600069093E /* Frameworks */ = {
			isa = PBXFrameworksBuildPhase;
			buildActionMask = 2147483647;
			files = (
				30BEC876197B1E600069093E /* XCTest.framework in Frameworks */,
				30BEC878197B1E600069093E /* UIKit.framework in Frameworks */,
				30BEC877197B1E600069093E /* Foundation.framework in Frameworks */,
			);
			runOnlyForDeploymentPostprocessing = 0;
		};
/* End PBXFrameworksBuildPhase section */

/* Begin PBXGroup section */
		30BEC840197B1E5F0069093E = {
			isa = PBXGroup;
			children = (
				30BEC854197B1E600069093E /* Mystie the Fox */,
				30BEC87B197B1E600069093E /* Mystie the FoxTests */,
				30BEC84B197B1E5F0069093E /* Frameworks */,
				30BEC84A197B1E5F0069093E /* Products */,
			);
			sourceTree = "<group>";
		};
		30BEC84A197B1E5F0069093E /* Products */ = {
			isa = PBXGroup;
			children = (
				30BEC849197B1E5F0069093E /* Mystie the Fox.app */,
				30BEC874197B1E600069093E /* Mystie the FoxTests.xctest */,
			);
			name = Products;
			sourceTree = "<group>";
		};
		30BEC84B197B1E5F0069093E /* Frameworks */ = {
			isa = PBXGroup;
			children = (
				30BEC84C197B1E600069093E /* Foundation.framework */,
				30BEC84E197B1E600069093E /* CoreGraphics.framework */,
				30BEC850197B1E600069093E /* UIKit.framework */,
				30BEC852197B1E600069093E /* SpriteKit.framework */,
				30BEC875197B1E600069093E /* XCTest.framework */,
			);
			name = Frameworks;
			sourceTree = "<group>";
		};
		30BEC854197B1E600069093E /* Mystie the Fox */ = {
			isa = PBXGroup;
			children = (
				30BEC85D197B1E600069093E /* MFAppDelegate.h */,
				30BEC85E197B1E600069093E /* MFAppDelegate.m */,
				30BEC860197B1E600069093E /* Main_iPhone.storyboard */,
				30BEC863197B1E600069093E /* Main_iPad.storyboard */,
				30BEC866197B1E600069093E /* MFViewController.h */,
				30BEC867197B1E600069093E /* MFViewController.m */,
				30BEC869197B1E600069093E /* MFMyScene.h */,
				30BEC86A197B1E600069093E /* MFMyScene.m */,
				30BEC86C197B1E600069093E /* Spaceship.png */,
				30BEC86E197B1E600069093E /* Images.xcassets */,
				30BEC855197B1E600069093E /* Supporting Files */,
			);
			path = "Mystie the Fox";
			sourceTree = "<group>";
		};
		30BEC855197B1E600069093E /* Supporting Files */ = {
			isa = PBXGroup;
			children = (
				30BEC856197B1E600069093E /* Mystie the Fox-Info.plist */,
				30BEC857197B1E600069093E /* InfoPlist.strings */,
				30BEC85A197B1E600069093E /* main.m */,
				30BEC85C197B1E600069093E /* Mystie the Fox-Prefix.pch */,
			);
			name = "Supporting Files";
			sourceTree = "<group>";
		};
		30BEC87B197B1E600069093E /* Mystie the FoxTests */ = {
			isa = PBXGroup;
			children = (
				30BEC881197B1E600069093E /* Mystie_the_FoxTests.m */,
				30BEC87C197B1E600069093E /* Supporting Files */,
			);
			path = "Mystie the FoxTests";
			sourceTree = "<group>";
		};
		30BEC87C197B1E600069093E /* Supporting Files */ = {
			isa = PBXGroup;
			children = (
				30BEC87D197B1E600069093E /* Mystie the FoxTests-Info.plist */,
				30BEC87E197B1E600069093E /* InfoPlist.strings */,
			);
			name = "Supporting Files";
			sourceTree = "<group>";
		};
/* End PBXGroup section */

/* Begin PBXNativeTarget section */
		30BEC848197B1E5F0069093E /* Mystie the Fox */ = {
			isa = PBXNativeTarget;
			buildConfigurationList = 30BEC885197B1E600069093E /* Build configuration list for PBXNativeTarget "Mystie the Fox" */;
			buildPhases = (
				30BEC845197B1E5F0069093E /* Sources */,
				30BEC846197B1E5F0069093E /* Frameworks */,
				30BEC847197B1E5F0069093E /* Resources */,
			);
			buildRules = (
			);
			dependencies = (
			);
			name = "Mystie the Fox";
			productName = "Mystie the Fox";
			productReference = 30BEC849197B1E5F0069093E /* Mystie the Fox.app */;
			productType = "com.apple.product-type.application";
		};
		30BEC873197B1E600069093E /* Mystie the FoxTests */ = {
			isa = PBXNativeTarget;
			buildConfigurationList = 30BEC888197B1E600069093E /* Build configuration list for PBXNativeTarget "Mystie the FoxTests" */;
			buildPhases = (
				30BEC870197B1E600069093E /* Sources */,
				30BEC871197B1E600069093E /* Frameworks */,
				30BEC872197B1E600069093E /* Resources */,
			);
			buildRules = (
			);
			dependencies = (
				30BEC87A197B1E600069093E /* PBXTargetDependency */,
			);
			name = "Mystie the FoxTests";
			productName = "Mystie the FoxTests";
			productReference = 30BEC874197B1E600069093E /* Mystie the FoxTests.xctest */;
			productType = "com.apple.product-type.bundle.unit-test";
		};
/* End PBXNativeTarget section */

/* Begin PBXProject section */
		30BEC841197B1E5F0069093E /* Project object */ = {
			isa = PBXProject;
			attributes = {
				CLASSPREFIX = MF;
				LastUpgradeCheck = 0510;
				ORGANIZATIONNAME = Roman;
				TargetAttributes = {
					30BEC873197B1E600069093E = {
						TestTargetID = 30BEC848197B1E5F0069093E;
					};
				};
			};
			buildConfigurationList = 30BEC844197B1E5F0069093E /* Build configuration list for PBXProject "Mystie the Fox" */;
			compatibilityVersion = "Xcode 3.2";
			developmentRegion = English;
			hasScannedForEncodings = 0;
			knownRegions = (
				en,
				Base,
			);
			mainGroup = 30BEC840197B1E5F0069093E;
			productRefGroup = 30BEC84A197B1E5F0069093E /* Products */;
			projectDirPath = "";
			projectRoot = "";
			targets = (
				30BEC848197B1E5F0069093E /* Mystie the Fox */,
				30BEC873197B1E600069093E /* Mystie the FoxTests */,
			);
		};
/* End PBXProject section */

/* Begin PBXResourcesBuildPhase section */
		30BEC847197B1E5F0069093E /* Resources */ = {
			isa = PBXResourcesBuildPhase;
			buildActionMask = 2147483647;
			files = (
				30BEC86D197B1E600069093E /* Spaceship.png in Resources */,
				30BEC86F197B1E600069093E /* Images.xcassets in Resources */,
				30BEC865197B1E600069093E /* Main_iPad.storyboard in Resources */,
				30BEC862197B1E600069093E /* Main_iPhone.storyboard in Resources */,
				30BEC859197B1E600069093E /* InfoPlist.strings in Resources */,
			);
			runOnlyForDeploymentPostprocessing = 0;
		};
		30BEC872197B1E600069093E /* Resources */ = {
			isa = PBXResourcesBuildPhase;
			buildActionMask = 2147483647;
			files = (
				30BEC880197B1E600069093E /* InfoPlist.strings in Resources */,
			);
			runOnlyForDeploymentPostprocessing = 0;
		};
/* End PBXResourcesBuildPhase section */

/* Begin PBXSourcesBuildPhase section */
		30BEC845197B1E5F0069093E /* Sources */ = {
			isa = PBXSourcesBuildPhase;
			buildActionMask = 2147483647;
			files = (
				30BEC85B197B1E600069093E /* main.m in Sources */,
				30BEC86B197B1E600069093E /* MFMyScene.m in Sources */,
				30BEC868197B1E600069093E /* MFViewController.m in Sources */,
				30BEC85F197B1E600069093E /* MFAppDelegate.m in Sources */,
			);
			runOnlyForDeploymentPostprocessing = 0;
		};
		30BEC870197B1E600069093E /* Sources */ = {
			isa = PBXSourcesBuildPhase;
			buildActionMask = 2147483647;
			files = (
				30BEC882197B1E600069093E /* Mystie_the_FoxTests.m in Sources */,
			);
			runOnlyForDeploymentPostprocessing = 0;
		};
/* End PBXSourcesBuildPhase section */

/* Begin PBXTargetDependency section */
		30BEC87A197B1E600069093E /* PBXTargetDependency */ = {
			isa = PBXTargetDependency;
			target = 30BEC848197B1E5F0069093E /* Mystie the Fox */;
			targetProxy = 30BEC879197B1E600069093E /* PBXContainerItemProxy */;
		};
/* End PBXTargetDependency section */

/* Begin PBXVariantGroup section */
		30BEC857197B1E600069093E /* InfoPlist.strings */ = {
			isa = PBXVariantGroup;
			children = (
				30BEC858197B1E600069093E /* en */,
			);
			name = InfoPlist.strings;
			sourceTree = "<group>";
		};
		30BEC860197B1E600069093E /* Main_iPhone.storyboard */ = {
			isa = PBXVariantGroup;
			children = (
				30BEC861197B1E600069093E /* Base */,
			);
			name = Main_iPhone.storyboard;
			sourceTree = "<group>";
		};
		30BEC863197B1E600069093E /* Main_iPad.storyboard */ = {
			isa = PBXVariantGroup;
			children = (
				30BEC864197B1E600069093E /* Base */,
			);
			name = Main_iPad.storyboard;
			sourceTree = "<group>";
		};
		30BEC87E197B1E600069093E /* InfoPlist.strings */ = {
			isa = PBXVariantGroup;
			children = (
				30BEC87F197B1E600069093E /* en */,
			);
			name = InfoPlist.strings;
			sourceTree = "<group>";
		};
/* End PBXVariantGroup section */

/* Begin XCBuildConfiguration section */
		30BEC883197B1E600069093E /* Debug */ = {
			isa = XCBuildConfiguration;
			buildSettings = {
				ALWAYS_SEARCH_USER_PATHS = NO;
				CLANG_CXX_LANGUAGE_STANDARD = "gnu++0x";
				CLANG_CXX_LIBRARY = "libc++";
				CLANG_ENABLE_MODULES = YES;
				CLANG_ENABLE_OBJC_ARC = YES;
				CLANG_WARN_BOOL_CONVERSION = YES;
				CLANG_WARN_CONSTANT_CONVERSION = YES;
				CLANG_WARN_DIRECT_OBJC_ISA_USAGE = YES_ERROR;
				CLANG_WARN_EMPTY_BODY = YES;
				CLANG_WARN_ENUM_CONVERSION = YES;
				CLANG_WARN_INT_CONVERSION = YES;
				CLANG_WARN_OBJC_ROOT_CLASS = YES_ERROR;
				CLANG_WARN__DUPLICATE_METHOD_MATCH = YES;
				"CODE_SIGN_IDENTITY[sdk=iphoneos*]" = "iPhone Developer";
				COPY_PHASE_STRIP = NO;
				GCC_C_LANGUAGE_STANDARD = gnu99;
				GCC_DYNAMIC_NO_PIC = NO;
				GCC_OPTIMIZATION_LEVEL = 0;
				GCC_PREPROCESSOR_DEFINITIONS = (
					"DEBUG=1",
					"$(inherited)",
				);
				GCC_SYMBOLS_PRIVATE_EXTERN = NO;
				GCC_WARN_64_TO_32_BIT_CONVERSION = YES;
				GCC_WARN_ABOUT_RETURN_TYPE = YES_ERROR;
				GCC_WARN_UNDECLARED_SELECTOR = YES;
				GCC_WARN_UNINITIALIZED_AUTOS = YES_AGGRESSIVE;
				GCC_WARN_UNUSED_FUNCTION = YES;
				GCC_WARN_UNUSED_VARIABLE = YES;
				IPHONEOS_DEPLOYMENT_TARGET = 7.1;
				ONLY_ACTIVE_ARCH = YES;
				SDKROOT = iphoneos;
				TARGETED_DEVICE_FAMILY = "1,2";
			};
			name = Debug;
		};
		30BEC884197B1E600069093E /* Release */ = {
			isa = XCBuildConfiguration;
			buildSettings = {
				ALWAYS_SEARCH_USER_PATHS = NO;
				CLANG_CXX_LANGUAGE_STANDARD = "gnu++0x";
				CLANG_CXX_LIBRARY = "libc++";
				CLANG_ENABLE_MODULES = YES;
				CLANG_ENABLE_OBJC_ARC = YES;
				CLANG_WARN_BOOL_CONVERSION = YES;
				CLANG_WARN_CONSTANT_CONVERSION = YES;
				CLANG_WARN_DIRECT_OBJC_ISA_USAGE = YES_ERROR;
				CLANG_WARN_EMPTY_BODY = YES;
				CLANG_WARN_ENUM_CONVERSION = YES;
				CLANG_WARN_INT_CONVERSION = YES;
				CLANG_WARN_OBJC_ROOT_CLASS = YES_ERROR;
				CLANG_WARN__DUPLICATE_METHOD_MATCH = YES;
				"CODE_SIGN_IDENTITY[sdk=iphoneos*]" = "iPhone Developer";
				COPY_PHASE_STRIP = YES;
				ENABLE_NS_ASSERTIONS = NO;
				GCC_C_LANGUAGE_STANDARD = gnu99;
				GCC_WARN_64_TO_32_BIT_CONVERSION = YES;
				GCC_WARN_ABOUT_RETURN_TYPE = YES_ERROR;
				GCC_WARN_UNDECLARED_SELECTOR = YES;
				GCC_WARN_UNINITIALIZED_AUTOS = YES_AGGRESSIVE;
				GCC_WARN_UNUSED_FUNCTION = YES;
				GCC_WARN_UNUSED_VARIABLE = YES;
				IPHONEOS_DEPLOYMENT_TARGET = 7.1;
				SDKROOT = iphoneos;
				TARGETED_DEVICE_FAMILY = "1,2";
				VALIDATE_PRODUCT = YES;
			};
			name = Release;
		};
		30BEC886197B1E600069093E /* Debug */ = {
			isa = XCBuildConfiguration;
			buildSettings = {
				ASSETCATALOG_COMPILER_APPICON_NAME = AppIcon;
				ASSETCATALOG_COMPILER_LAUNCHIMAGE_NAME = LaunchImage;
				GCC_PRECOMPILE_PREFIX_HEADER = YES;
				GCC_PREFIX_HEADER = "Mystie the Fox/Mystie the Fox-Prefix.pch";
				INFOPLIST_FILE = "Mystie the Fox/Mystie the Fox-Info.plist";
				PRODUCT_NAME = "$(TARGET_NAME)";
				SPRITEKIT_TEXTURE_ATLAS_OUTPUT = YES;
				WRAPPER_EXTENSION = app;
			};
			name = Debug;
		};
		30BEC887197B1E600069093E /* Release */ = {
			isa = XCBuildConfiguration;
			buildSettings = {
				ASSETCATALOG_COMPILER_APPICON_NAME = AppIcon;
				ASSETCATALOG_COMPILER_LAUNCHIMAGE_NAME = LaunchImage;
				GCC_PRECOMPILE_PREFIX_HEADER = YES;
				GCC_PREFIX_HEADER = "Mystie the Fox/Mystie the Fox-Prefix.pch";
				INFOPLIST_FILE = "Mystie the Fox/Mystie the Fox-Info.plist";
				PRODUCT_NAME = "$(TARGET_NAME)";
				SPRITEKIT_TEXTURE_ATLAS_OUTPUT = YES;
				WRAPPER_EXTENSION = app;
			};
			name = Release;
		};
		30BEC889197B1E600069093E /* Debug */ = {
			isa = XCBuildConfiguration;
			buildSettings = {
				BUNDLE_LOADER = "$(BUILT_PRODUCTS_DIR)/Mystie the Fox.app/Mystie the Fox";
				FRAMEWORK_SEARCH_PATHS = (
					"$(SDKROOT)/Developer/Library/Frameworks",
					"$(inherited)",
					"$(DEVELOPER_FRAMEWORKS_DIR)",
				);
				GCC_PRECOMPILE_PREFIX_HEADER = YES;
				GCC_PREFIX_HEADER = "Mystie the Fox/Mystie the Fox-Prefix.pch";
				GCC_PREPROCESSOR_DEFINITIONS = (
					"DEBUG=1",
					"$(inherited)",
				);
				INFOPLIST_FILE = "Mystie the FoxTests/Mystie the FoxTests-Info.plist";
				PRODUCT_NAME = "$(TARGET_NAME)";
				TEST_HOST = "$(BUNDLE_LOADER)";
				WRAPPER_EXTENSION = xctest;
			};
			name = Debug;
		};
		30BEC88A197B1E600069093E /* Release */ = {
			isa = XCBuildConfiguration;
			buildSettings = {
				BUNDLE_LOADER = "$(BUILT_PRODUCTS_DIR)/Mystie the Fox.app/Mystie the Fox";
				FRAMEWORK_SEARCH_PATHS = (
					"$(SDKROOT)/Developer/Library/Frameworks",
					"$(inherited)",
					"$(DEVELOPER_FRAMEWORKS_DIR)",
				);
				GCC_PRECOMPILE_PREFIX_HEADER = YES;
				GCC_PREFIX_HEADER = "Mystie the Fox/Mystie the Fox-Prefix.pch";
				INFOPLIST_FILE = "Mystie the FoxTests/Mystie the FoxTests-Info.plist";
				PRODUCT_NAME = "$(TARGET_NAME)";
				TEST_HOST = "$(BUNDLE_LOADER)";
				WRAPPER_EXTENSION = xctest;
			};
			name = Release;
		};
/* End XCBuildConfiguration section */

/* Begin XCConfigurationList section */
		30BEC844197B1E5F0069093E /* Build configuration list for PBXProject "Mystie the Fox" */ = {
			isa = XCConfigurationList;
			buildConfigurations = (
				30BEC883197B1E600069093E /* Debug */,
				30BEC884197B1E600069093E /* Release */,
			);
			defaultConfigurationIsVisible = 0;
			defaultConfigurationName = Release;
		};
		30BEC885197B1E600069093E /* Build configuration list for PBXNativeTarget "Mystie the Fox" */ = {
			isa = XCConfigurationList;
			buildConfigurations = (
				30BEC886197B1E600069093E /* Debug */,
				30BEC887197B1E600069093E /* Release */,
			);
			defaultConfigurationIsVisible = 0;
		};
		30BEC888197B1E600069093E /* Build configuration list for PBXNativeTarget "Mystie the FoxTests" */ = {
			isa = XCConfigurationList;
			buildConfigurations = (
				30BEC889197B1E600069093E /* Debug */,
				30BEC88A197B1E600069093E /* Release */,
			);
			defaultConfigurationIsVisible = 0;
		};
/* End XCConfigurationList section */
	};
	rootObject = 30BEC841197B1E5F0069093E /* Project object */;
}
